
Microsoft Visual Studio Solution File, Format Version 12.00
# Visual Studio 2013
VisualStudioVersion = 12.0.30723.0
MinimumVisualStudioVersion = 10.0.40219.1
Project("{FAE04EC0-301F-11D3-BF4B-00C04F79EFBC}") = "C-SharpTest", "C-SharpTest.csproj", "{CCDD7EC5-BD06-4810-ACD5-1686142709CD}"
EndProject
Project("{FAE04EC0-301F-11D3-BF4B-00C04F79EFBC}") = "ServerSocket", "ServerSocket\ServerSocket.csproj", "{A23E8A48-E7BB-4A17-8BB2-BC9861216623}"
EndProject
Global
	GlobalSection(SolutionConfigurationPlatforms) = preSolution
		Debug|Any CPU = Debug|Any CPU
		Debug|Mixed Platforms = Debug|Mixed Platforms
		Debug|Win32 = Debug|Win32
		Release|Any CPU = Release|Any CPU
		Release|Mixed Platforms = Release|Mixed Platforms
		Release|Win32 = Release|Win32
	EndGlobalSection
	GlobalSection(ProjectConfigurationPlatforms) = postSolution
		{CCDD7EC5-BD06-4810-ACD5-1686142709CD}.Debug|Any CPU.ActiveCfg = Debug|Any CPU
		{CCDD7EC5-BD06-4810-ACD5-1686142709CD}.Debug|Any CPU.Build.0 = Debug|Any CPU
		{CCDD7EC5-BD06-4810-ACD5-1686142709CD}.Debug|Mixed Platforms.ActiveCfg = Debug|Any CPU
		{CCDD7EC5-BD06-4810-ACD5-1686142709CD}.Debug|Mixed Platforms.Build.0 = Debug|Any CPU
		{CCDD7EC5-BD06-4810-ACD5-1686142709CD}.Debug|Win32.ActiveCfg = Debug|Any CPU
		{CCDD7EC5-BD06-4810-ACD5-1686142709CD}.Release|Any CPU.ActiveCfg = Release|Any CPU
		{CCDD7EC5-BD06-4810-ACD5-1686142709CD}.Release|Any CPU.Build.0 = Release|Any CPU
		{CCDD7EC5-BD06-4810-ACD5-1686142709CD}.Release|Mixed Platforms.ActiveCfg = Release|Any CPU
		{CCDD7EC5-BD06-4810-ACD5-1686142709CD}.Release|Mixed Platforms.Build.0 = Release|Any CPU
		{CCDD7EC5-BD06-4810-ACD5-1686142709CD}.Release|Win32.ActiveCfg = Release|Any CPU
		{A23E8A48-E7BB-4A17-8BB2-BC9861216623}.Debug|Any CPU.ActiveCfg = Debug|Any CPU
		{A23E8A48-E7BB-4A17-8BB2-BC9861216623}.Debug|Any CPU.Build.0 = Debug|Any CPU
		{A23E8A48-E7BB-4A17-8BB2-BC9861216623}.Debug|Mixed Platforms.ActiveCfg = Debug|Any CPU
		{A23E8A48-E7BB-4A17-8BB2-BC9861216623}.Debug|Mixed Platforms.Build.0 = Debug|Any CPU
		{A23E8A48-E7BB-4A17-8BB2-BC9861216623}.Debug|Win32.ActiveCfg = Debug|Any CPU
		{A23E8A48-E7BB-4A17-8BB2-BC9861216623}.Release|Any CPU.ActiveCfg = Release|Any CPU
		{A23E8A48-E7BB-4A17-8BB2-BC9861216623}.Release|Any CPU.Build.0 = Release|Any CPU
		{A23E8A48-E7BB-4A17-8BB2-BC9861216623}.Release|Mixed Platforms.ActiveCfg = Release|Any CPU
		{A23E8A48-E7BB-4A17-8BB2-BC9861216623}.Release|Mixed Platforms.Build.0 = Release|Any CPU
		{A23E8A48-E7BB-4A17-8BB2-BC9861216623}.Release|Win32.ActiveCfg = Release|Any CPU
	EndGlobalSection
	GlobalSection(SolutionProperties) = preSolution
		HideSolutionNode = FALSE
	EndGlobalSection
EndGlobal
